
Microsoft Visual Studio Solution File, Format Version 12.00
# Visual Studio Version 17
VisualStudioVersion = 17.13.35825.156
MinimumVisualStudioVersion = 10.0.40219.1
Project("{FAE04EC0-301F-11D3-BF4B-00C04F79EFBC}") = "VSCONTROL", "Conexao_SQL\VSCONTROL.csproj", "{C1F0983E-CE47-44FC-B109-DADE5697FB3C}"
EndProject
Global
	GlobalSection(SolutionConfigurationPlatforms) = preSolution
		Debug|Any CPU = Debug|Any CPU
		Release|Any CPU = Release|Any CPU
	EndGlobalSection
	GlobalSection(ProjectConfigurationPlatforms) = postSolution
		{C1F0983E-CE47-44FC-B109-DADE5697FB3C}.Debug|Any CPU.ActiveCfg = Debug|Any CPU
		{C1F0983E-CE47-44FC-B109-DADE5697FB3C}.Debug|Any CPU.Build.0 = Debug|Any CPU
		{C1F0983E-CE47-44FC-B109-DADE5697FB3C}.Release|Any CPU.ActiveCfg = Release|Any CPU
		{C1F0983E-CE47-44FC-B109-DADE5697FB3C}.Release|Any CPU.Build.0 = Release|Any CPU
	EndGlobalSection
	GlobalSection(SolutionProperties) = preSolution
		HideSolutionNode = FALSE
	EndGlobalSection
	GlobalSection(ExtensibilityGlobals) = postSolution
		SolutionGuid = {9AB0310D-4896-41F4-ACAC-4C2285D3A71B}
	EndGlobalSection
EndGlobal
